
Microsoft Visual Studio Solution File, Format Version 12.00
# Visual Studio Version 17
VisualStudioVersion = 17.4.33110.190
MinimumVisualStudioVersion = 10.0.40219.1
Project("{FAE04EC0-301F-11D3-BF4B-00C04F79EFBC}") = "solid design principles", "solid design principles.csproj", "{5A145AD8-F27E-4AD3-A507-A6A1CD973058}"
EndProject
Global
	GlobalSection(SolutionConfigurationPlatforms) = preSolution
		Debug|Any CPU = Debug|Any CPU
		Release|Any CPU = Release|Any CPU
	EndGlobalSection
	GlobalSection(ProjectConfigurationPlatforms) = postSolution
		{5A145AD8-F27E-4AD3-A507-A6A1CD973058}.Debug|Any CPU.ActiveCfg = Debug|Any CPU
		{5A145AD8-F27E-4AD3-A507-A6A1CD973058}.Debug|Any CPU.Build.0 = Debug|Any CPU
		{5A145AD8-F27E-4AD3-A507-A6A1CD973058}.Release|Any CPU.ActiveCfg = Release|Any CPU
		{5A145AD8-F27E-4AD3-A507-A6A1CD973058}.Release|Any CPU.Build.0 = Release|Any CPU
	EndGlobalSection
	GlobalSection(SolutionProperties) = preSolution
		HideSolutionNode = FALSE
	EndGlobalSection
	GlobalSection(ExtensibilityGlobals) = postSolution
		SolutionGuid = {53643862-8EAC-4564-B720-2AA10AE9D14A}
	EndGlobalSection
EndGlobal
